
Microsoft Visual Studio Solution File, Format Version 12.00
# Visual Studio Version 17
VisualStudioVersion = 17.3.32811.315
MinimumVisualStudioVersion = 10.0.40219.1
Project("{FAE04EC0-301F-11D3-BF4B-00C04F79EFBC}") = "ApiSeguindoTutoriais", "ApiSeguindoTutoriais\ApiSeguindoTutoriais.csproj", "{CE5B2F91-6ABA-4280-8F14-B8B0D15F2744}"
EndProject
Global
	GlobalSection(SolutionConfigurationPlatforms) = preSolution
		Debug|Any CPU = Debug|Any CPU
		Release|Any CPU = Release|Any CPU
	EndGlobalSection
	GlobalSection(ProjectConfigurationPlatforms) = postSolution
		{CE5B2F91-6ABA-4280-8F14-B8B0D15F2744}.Debug|Any CPU.ActiveCfg = Debug|Any CPU
		{CE5B2F91-6ABA-4280-8F14-B8B0D15F2744}.Debug|Any CPU.Build.0 = Debug|Any CPU
		{CE5B2F91-6ABA-4280-8F14-B8B0D15F2744}.Release|Any CPU.ActiveCfg = Release|Any CPU
		{CE5B2F91-6ABA-4280-8F14-B8B0D15F2744}.Release|Any CPU.Build.0 = Release|Any CPU
	EndGlobalSection
	GlobalSection(SolutionProperties) = preSolution
		HideSolutionNode = FALSE
	EndGlobalSection
	GlobalSection(ExtensibilityGlobals) = postSolution
		SolutionGuid = {E2A2D60D-0EA7-4880-B840-ACC1BC7F8336}
	EndGlobalSection
EndGlobal
